[[package]]
name = "libc"
version = "0.2.54"
source = "registry+https://github.com/rust-lang/crates.io-index"

[[package]]
name = "pkg-config"
version = "0.3.14"
source = "registry+https://github.com/rust-lang/crates.io-index"

[[package]]
name = "x11"
version = "0.1.0"
dependencies = [
 "x11 2.18.1 (registry+https://github.com/rust-lang/crates.io-index)",
]

[[package]]
name = "x11"
version = "2.18.1"
source = "registry+https://github.com/rust-lang/crates.io-index"
dependencies = [
 "libc 0.2.54 (registry+https://github.com/rust-lang/crates.io-index)",
 "pkg-config 0.3.14 (registry+https://github.com/rust-lang/crates.io-index)",
]

[metadata]
"checksum libc 0.2.54 (registry+https://github.com/rust-lang/crates.io-index)" = "c6785aa7dd976f5fbf3b71cfd9cd49d7f783c1ff565a858d71031c6c313aa5c6"
"checksum pkg-config 0.3.14 (registry+https://github.com/rust-lang/crates.io-index)" = "676e8eb2b1b4c9043511a9b7bea0915320d7e502b0a079fb03f9635a5252b18c"
"checksum x11 2.18.1 (registry+https://github.com/rust-lang/crates.io-index)" = "39697e3123f715483d311b5826e254b6f3cfebdd83cf7ef3358f579c3d68e235"
